
Microsoft Visual Studio Solution File, Format Version 12.00
# Visual Studio Version 17
VisualStudioVersion = 17.3.32929.385
MinimumVisualStudioVersion = 10.0.40219.1
Project("{FAE04EC0-301F-11D3-BF4B-00C04F79EFBC}") = "Template", "Template.csproj", "{4D372633-E97C-4263-B7F8-DEEE1ACFE6BF}"
EndProject
Project("{2150E333-8FDC-42A3-9474-1A3956D46DE8}") = "1. Web", "1. Web", "{8047258E-0A0C-428C-AB98-737BE02A39F3}"
EndProject
Project("{2150E333-8FDC-42A3-9474-1A3956D46DE8}") = "2. Application", "2. Application", "{953CEF19-7055-44B7-A337-A122EC05AB25}"
EndProject
Project("{2150E333-8FDC-42A3-9474-1A3956D46DE8}") = "3. Domain", "3. Domain", "{CF4ABBFA-689D-464D-817E-01310BE0D473}"
EndProject
Project("{2150E333-8FDC-42A3-9474-1A3956D46DE8}") = "4. Infrastructure", "4. Infrastructure", "{1155B7D9-B7C7-43BE-8D00-D9A40EFB7535}"
EndProject
Project("{FAE04EC0-301F-11D3-BF4B-00C04F79EFBC}") = "Template.Application", "..\Template.Application\Template.Application.csproj", "{F7BC8D99-C53D-4CBA-A5EF-45D7600D7B46}"
EndProject
Project("{FAE04EC0-301F-11D3-BF4B-00C04F79EFBC}") = "Template.Domain", "..\Template.Domain\Template.Domain.csproj", "{A4D2D884-8E96-49CD-A4CB-8A7FAA5C3B52}"
EndProject
Project("{2150E333-8FDC-42A3-9474-1A3956D46DE8}") = "4.1. Data", "4.1. Data", "{FE902BEA-2DB9-44AC-8B90-865E4D98DE32}"
EndProject
Project("{2150E333-8FDC-42A3-9474-1A3956D46DE8}") = "4.2. CrossCutting", "4.2. CrossCutting", "{4CDF5C2C-E029-4E73-AD40-21FBAD081A6C}"
EndProject
Project("{FAE04EC0-301F-11D3-BF4B-00C04F79EFBC}") = "Template.Data", "..\Template.Data\Template.Data.csproj", "{926C26A3-E290-4B9B-A765-DF156506D023}"
EndProject
Global
	GlobalSection(SolutionConfigurationPlatforms) = preSolution
		Debug|Any CPU = Debug|Any CPU
		Release|Any CPU = Release|Any CPU
	EndGlobalSection
	GlobalSection(ProjectConfigurationPlatforms) = postSolution
		{4D372633-E97C-4263-B7F8-DEEE1ACFE6BF}.Debug|Any CPU.ActiveCfg = Debug|Any CPU
		{4D372633-E97C-4263-B7F8-DEEE1ACFE6BF}.Debug|Any CPU.Build.0 = Debug|Any CPU
		{4D372633-E97C-4263-B7F8-DEEE1ACFE6BF}.Release|Any CPU.ActiveCfg = Release|Any CPU
		{4D372633-E97C-4263-B7F8-DEEE1ACFE6BF}.Release|Any CPU.Build.0 = Release|Any CPU
		{F7BC8D99-C53D-4CBA-A5EF-45D7600D7B46}.Debug|Any CPU.ActiveCfg = Debug|Any CPU
		{F7BC8D99-C53D-4CBA-A5EF-45D7600D7B46}.Debug|Any CPU.Build.0 = Debug|Any CPU
		{F7BC8D99-C53D-4CBA-A5EF-45D7600D7B46}.Release|Any CPU.ActiveCfg = Release|Any CPU
		{F7BC8D99-C53D-4CBA-A5EF-45D7600D7B46}.Release|Any CPU.Build.0 = Release|Any CPU
		{A4D2D884-8E96-49CD-A4CB-8A7FAA5C3B52}.Debug|Any CPU.ActiveCfg = Debug|Any CPU
		{A4D2D884-8E96-49CD-A4CB-8A7FAA5C3B52}.Debug|Any CPU.Build.0 = Debug|Any CPU
		{A4D2D884-8E96-49CD-A4CB-8A7FAA5C3B52}.Release|Any CPU.ActiveCfg = Release|Any CPU
		{A4D2D884-8E96-49CD-A4CB-8A7FAA5C3B52}.Release|Any CPU.Build.0 = Release|Any CPU
		{926C26A3-E290-4B9B-A765-DF156506D023}.Debug|Any CPU.ActiveCfg = Debug|Any CPU
		{926C26A3-E290-4B9B-A765-DF156506D023}.Debug|Any CPU.Build.0 = Debug|Any CPU
		{926C26A3-E290-4B9B-A765-DF156506D023}.Release|Any CPU.ActiveCfg = Release|Any CPU
		{926C26A3-E290-4B9B-A765-DF156506D023}.Release|Any CPU.Build.0 = Release|Any CPU
	EndGlobalSection
	GlobalSection(SolutionProperties) = preSolution
		HideSolutionNode = FALSE
	EndGlobalSection
	GlobalSection(NestedProjects) = preSolution
		{4D372633-E97C-4263-B7F8-DEEE1ACFE6BF} = {8047258E-0A0C-428C-AB98-737BE02A39F3}
		{F7BC8D99-C53D-4CBA-A5EF-45D7600D7B46} = {953CEF19-7055-44B7-A337-A122EC05AB25}
		{A4D2D884-8E96-49CD-A4CB-8A7FAA5C3B52} = {CF4ABBFA-689D-464D-817E-01310BE0D473}
		{FE902BEA-2DB9-44AC-8B90-865E4D98DE32} = {1155B7D9-B7C7-43BE-8D00-D9A40EFB7535}
		{4CDF5C2C-E029-4E73-AD40-21FBAD081A6C} = {1155B7D9-B7C7-43BE-8D00-D9A40EFB7535}
		{926C26A3-E290-4B9B-A765-DF156506D023} = {FE902BEA-2DB9-44AC-8B90-865E4D98DE32}
	EndGlobalSection
	GlobalSection(ExtensibilityGlobals) = postSolution
		SolutionGuid = {444B55E8-1C44-4128-8F4D-4A181CEB2AF0}
	EndGlobalSection
EndGlobal
